
Microsoft Visual Studio Solution File, Format Version 12.00
# Visual Studio Version 17
VisualStudioVersion = 17.1.32319.34
MinimumVisualStudioVersion = 10.0.40219.1
Project("{8BC9CEB8-8B4A-11D0-8D11-00A0C91BC942}") = "s-l4", "s-l4\s-l4.vcxproj", "{F5096A19-EFA2-4EC5-9571-EC7AF4598BAE}"
EndProject
Project("{8BC9CEB8-8B4A-11D0-8D11-00A0C91BC942}") = "c-l4", "c-l4\c-l4.vcxproj", "{19A00261-14B7-4DF5-AE3F-C263DADF1382}"
EndProject
Global
	GlobalSection(SolutionConfigurationPlatforms) = preSolution
		Debug|x64 = Debug|x64
		Debug|x86 = Debug|x86
		Release|x64 = Release|x64
		Release|x86 = Release|x86
	EndGlobalSection
	GlobalSection(ProjectConfigurationPlatforms) = postSolution
		{F5096A19-EFA2-4EC5-9571-EC7AF4598BAE}.Debug|x64.ActiveCfg = Debug|x64
		{F5096A19-EFA2-4EC5-9571-EC7AF4598BAE}.Debug|x64.Build.0 = Debug|x64
		{F5096A19-EFA2-4EC5-9571-EC7AF4598BAE}.Debug|x86.ActiveCfg = Debug|Win32
		{F5096A19-EFA2-4EC5-9571-EC7AF4598BAE}.Debug|x86.Build.0 = Debug|Win32
		{F5096A19-EFA2-4EC5-9571-EC7AF4598BAE}.Release|x64.ActiveCfg = Release|x64
		{F5096A19-EFA2-4EC5-9571-EC7AF4598BAE}.Release|x64.Build.0 = Release|x64
		{F5096A19-EFA2-4EC5-9571-EC7AF4598BAE}.Release|x86.ActiveCfg = Release|Win32
		{F5096A19-EFA2-4EC5-9571-EC7AF4598BAE}.Release|x86.Build.0 = Release|Win32
		{19A00261-14B7-4DF5-AE3F-C263DADF1382}.Debug|x64.ActiveCfg = Debug|x64
		{19A00261-14B7-4DF5-AE3F-C263DADF1382}.Debug|x64.Build.0 = Debug|x64
		{19A00261-14B7-4DF5-AE3F-C263DADF1382}.Debug|x86.ActiveCfg = Debug|Win32
		{19A00261-14B7-4DF5-AE3F-C263DADF1382}.Debug|x86.Build.0 = Debug|Win32
		{19A00261-14B7-4DF5-AE3F-C263DADF1382}.Release|x64.ActiveCfg = Release|x64
		{19A00261-14B7-4DF5-AE3F-C263DADF1382}.Release|x64.Build.0 = Release|x64
		{19A00261-14B7-4DF5-AE3F-C263DADF1382}.Release|x86.ActiveCfg = Release|Win32
		{19A00261-14B7-4DF5-AE3F-C263DADF1382}.Release|x86.Build.0 = Release|Win32
	EndGlobalSection
	GlobalSection(SolutionProperties) = preSolution
		HideSolutionNode = FALSE
	EndGlobalSection
	GlobalSection(ExtensibilityGlobals) = postSolution
		SolutionGuid = {C73F1297-ADE3-448A-AF76-F8C443B2A22F}
	EndGlobalSection
EndGlobal
